
Microsoft Visual Studio Solution File, Format Version 12.00
# Visual Studio Version 17
VisualStudioVersion = 17.11.35303.130
MinimumVisualStudioVersion = 10.0.40219.1
Project("{FAE04EC0-301F-11D3-BF4B-00C04F79EFBC}") = "JumpKing-CustomMap-i18n", "JumpKing-CustomMap-i18n.csproj", "{13EB1AC0-3280-4095-A87B-149455073B37}"
EndProject
Global
	GlobalSection(SolutionConfigurationPlatforms) = preSolution
		Debug|Any CPU = Debug|Any CPU
		Release|Any CPU = Release|Any CPU
	EndGlobalSection
	GlobalSection(ProjectConfigurationPlatforms) = postSolution
		{13EB1AC0-3280-4095-A87B-149455073B37}.Debug|Any CPU.ActiveCfg = Debug|Any CPU
		{13EB1AC0-3280-4095-A87B-149455073B37}.Debug|Any CPU.Build.0 = Debug|Any CPU
		{13EB1AC0-3280-4095-A87B-149455073B37}.Release|Any CPU.ActiveCfg = Release|Any CPU
		{13EB1AC0-3280-4095-A87B-149455073B37}.Release|Any CPU.Build.0 = Release|Any CPU
	EndGlobalSection
	GlobalSection(SolutionProperties) = preSolution
		HideSolutionNode = FALSE
	EndGlobalSection
	GlobalSection(ExtensibilityGlobals) = postSolution
		SolutionGuid = {134D2F3A-3553-4256-ACD2-AFCFCCFC6CEC}
	EndGlobalSection
EndGlobal
